
Microsoft Visual Studio Solution File, Format Version 12.00
# Visual Studio 14
VisualStudioVersion = 14.0.25420.1
MinimumVisualStudioVersion = 10.0.40219.1
Project("{2150E333-8FDC-42A3-9474-1A3956D46DE8}") = "src", "src", "{9A685683-9BB6-4C48-ABE0-E8A35120E387}"
EndProject
Project("{2150E333-8FDC-42A3-9474-1A3956D46DE8}") = "Solution Items", "Solution Items", "{1B43D235-ECE8-431A-9036-A1F4A72F9737}"
	ProjectSection(SolutionItems) = preProject
		global.json = global.json
	EndProjectSection
EndProject
Project("{8BB2217D-0F2D-49D1-97BC-3654ED321F3B}") = "LeosSmartBoy", "src\LeosSmartBoy\LeosSmartBoy.xproj", "{A2E3097C-2792-4665-8F27-2D118D05348B}"
EndProject
Project("{2150E333-8FDC-42A3-9474-1A3956D46DE8}") = "Callbacks", "Callbacks", "{BD6A3540-4420-4DF8-B633-317C518AEC67}"
EndProject
Global
	GlobalSection(SolutionConfigurationPlatforms) = preSolution
		Debug|Any CPU = Debug|Any CPU
		Release|Any CPU = Release|Any CPU
	EndGlobalSection
	GlobalSection(ProjectConfigurationPlatforms) = postSolution
		{A2E3097C-2792-4665-8F27-2D118D05348B}.Debug|Any CPU.ActiveCfg = Debug|Any CPU
		{A2E3097C-2792-4665-8F27-2D118D05348B}.Debug|Any CPU.Build.0 = Debug|Any CPU
		{A2E3097C-2792-4665-8F27-2D118D05348B}.Release|Any CPU.ActiveCfg = Release|Any CPU
		{A2E3097C-2792-4665-8F27-2D118D05348B}.Release|Any CPU.Build.0 = Release|Any CPU
	EndGlobalSection
	GlobalSection(SolutionProperties) = preSolution
		HideSolutionNode = FALSE
	EndGlobalSection
	GlobalSection(NestedProjects) = preSolution
		{A2E3097C-2792-4665-8F27-2D118D05348B} = {9A685683-9BB6-4C48-ABE0-E8A35120E387}
		{BD6A3540-4420-4DF8-B633-317C518AEC67} = {9A685683-9BB6-4C48-ABE0-E8A35120E387}
	EndGlobalSection
EndGlobal
